
Microsoft Visual Studio Solution File, Format Version 12.00
# Visual Studio Version 17
VisualStudioVersion = 17.7.34018.315
MinimumVisualStudioVersion = 10.0.40219.1
Project("{FAE04EC0-301F-11D3-BF4B-00C04F79EFBC}") = "Uppgift 3.1", "Uppgift 3.1\Uppgift 3.1.csproj", "{7EF6906A-7873-4917-AF65-61D57E3BEE32}"
EndProject
Global
	GlobalSection(SolutionConfigurationPlatforms) = preSolution
		Debug|Any CPU = Debug|Any CPU
		Release|Any CPU = Release|Any CPU
	EndGlobalSection
	GlobalSection(ProjectConfigurationPlatforms) = postSolution
		{7EF6906A-7873-4917-AF65-61D57E3BEE32}.Debug|Any CPU.ActiveCfg = Debug|Any CPU
		{7EF6906A-7873-4917-AF65-61D57E3BEE32}.Debug|Any CPU.Build.0 = Debug|Any CPU
		{7EF6906A-7873-4917-AF65-61D57E3BEE32}.Release|Any CPU.ActiveCfg = Release|Any CPU
		{7EF6906A-7873-4917-AF65-61D57E3BEE32}.Release|Any CPU.Build.0 = Release|Any CPU
	EndGlobalSection
	GlobalSection(SolutionProperties) = preSolution
		HideSolutionNode = FALSE
	EndGlobalSection
	GlobalSection(ExtensibilityGlobals) = postSolution
		SolutionGuid = {1CAE765D-2CB6-4703-94F2-34CDDE9EC45D}
	EndGlobalSection
EndGlobal
